
Microsoft Visual Studio Solution File, Format Version 12.00
# Visual Studio Version 16
VisualStudioVersion = 16.0.30104.148
MinimumVisualStudioVersion = 10.0.40219.1
Project("{8BC9CEB8-8B4A-11D0-8D11-00A0C91BC942}") = "Level 1 chess play", "Level 1 chess play.vcxproj", "{BF652B11-61CF-45F7-9CA1-03970DC2DBAB}"
EndProject
Global
	GlobalSection(SolutionConfigurationPlatforms) = preSolution
		Debug|x64 = Debug|x64
		Debug|x86 = Debug|x86
		Release|x64 = Release|x64
		Release|x86 = Release|x86
	EndGlobalSection
	GlobalSection(ProjectConfigurationPlatforms) = postSolution
		{BF652B11-61CF-45F7-9CA1-03970DC2DBAB}.Debug|x64.ActiveCfg = Debug|x64
		{BF652B11-61CF-45F7-9CA1-03970DC2DBAB}.Debug|x64.Build.0 = Debug|x64
		{BF652B11-61CF-45F7-9CA1-03970DC2DBAB}.Debug|x86.ActiveCfg = Debug|Win32
		{BF652B11-61CF-45F7-9CA1-03970DC2DBAB}.Debug|x86.Build.0 = Debug|Win32
		{BF652B11-61CF-45F7-9CA1-03970DC2DBAB}.Release|x64.ActiveCfg = Release|x64
		{BF652B11-61CF-45F7-9CA1-03970DC2DBAB}.Release|x64.Build.0 = Release|x64
		{BF652B11-61CF-45F7-9CA1-03970DC2DBAB}.Release|x86.ActiveCfg = Release|Win32
		{BF652B11-61CF-45F7-9CA1-03970DC2DBAB}.Release|x86.Build.0 = Release|Win32
	EndGlobalSection
	GlobalSection(SolutionProperties) = preSolution
		HideSolutionNode = FALSE
	EndGlobalSection
	GlobalSection(ExtensibilityGlobals) = postSolution
		SolutionGuid = {71B9D9C7-B086-48E8-97E0-A8FA6D40CD19}
	EndGlobalSection
EndGlobal
